// !$*UTF8*$!
{
	archiveVersion = 1;
	classes = {
	};
	objectVersion = 56;
	objects = {

/* Begin PBXBuildFile section */
		349A059B2ABD306400BB61C9 /* main.swift in Sources */ = {isa = PBXBuildFile; fileRef = 349A059A2ABD306400BB61C9 /* main.swift */; };
		349A05A22ABD308100BB61C9 /* Ejercicio1.swift in Sources */ = {isa = PBXBuildFile; fileRef = 349A05A12ABD308100BB61C9 /* Ejercicio1.swift */; };
		349A05A42ABD38CD00BB61C9 /* Ejercicio2.swift in Sources */ = {isa = PBXBuildFile; fileRef = 349A05A32ABD38CD00BB61C9 /* Ejercicio2.swift */; };
		349A05A62ABD3F3E00BB61C9 /* Ejercicio3.swift in Sources */ = {isa = PBXBuildFile; fileRef = 349A05A52ABD3F3E00BB61C9 /* Ejercicio3.swift */; };
		349A05A82ABD40FB00BB61C9 /* Ejercicio4.swift in Sources */ = {isa = PBXBuildFile; fileRef = 349A05A72ABD40FB00BB61C9 /* Ejercicio4.swift */; };
/* End PBXBuildFile section */

/* Begin PBXCopyFilesBuildPhase section */
		349A05952ABD306400BB61C9 /* CopyFiles */ = {
			isa = PBXCopyFilesBuildPhase;
			buildActionMask = 2147483647;
			dstPath = /usr/share/man/man1/;
			dstSubfolderSpec = 0;
			files = (
			);
			runOnlyForDeploymentPostprocessing = 1;
		};
/* End PBXCopyFilesBuildPhase section */

/* Begin PBXFileReference section */
		349A05972ABD306400BB61C9 /* EjerciciosClasesConsola */ = {isa = PBXFileReference; explicitFileType = "compiled.mach-o.executable"; includeInIndex = 0; path = EjerciciosClasesConsola; sourceTree = BUILT_PRODUCTS_DIR; };
		349A059A2ABD306400BB61C9 /* main.swift */ = {isa = PBXFileReference; lastKnownFileType = sourcecode.swift; path = main.swift; sourceTree = "<group>"; };
		349A05A12ABD308100BB61C9 /* Ejercicio1.swift */ = {isa = PBXFileReference; lastKnownFileType = sourcecode.swift; path = Ejercicio1.swift; sourceTree = "<group>"; };
		349A05A32ABD38CD00BB61C9 /* Ejercicio2.swift */ = {isa = PBXFileReference; lastKnownFileType = sourcecode.swift; path = Ejercicio2.swift; sourceTree = "<group>"; };
		349A05A52ABD3F3E00BB61C9 /* Ejercicio3.swift */ = {isa = PBXFileReference; lastKnownFileType = sourcecode.swift; path = Ejercicio3.swift; sourceTree = "<group>"; };
		349A05A72ABD40FB00BB61C9 /* Ejercicio4.swift */ = {isa = PBXFileReference; lastKnownFileType = sourcecode.swift; path = Ejercicio4.swift; sourceTree = "<group>"; };
/* End PBXFileReference section */

/* Begin PBXFrameworksBuildPhase section */
		349A05942ABD306400BB61C9 /* Frameworks */ = {
			isa = PBXFrameworksBuildPhase;
			buildActionMask = 2147483647;
			files = (
			);
			runOnlyForDeploymentPostprocessing = 0;
		};
/* End PBXFrameworksBuildPhase section */

/* Begin PBXGroup section */
		349A058E2ABD306400BB61C9 = {
			isa = PBXGroup;
			children = (
				349A05992ABD306400BB61C9 /* EjerciciosClasesConsola */,
				349A05982ABD306400BB61C9 /* Products */,
			);
			sourceTree = "<group>";
		};
		349A05982ABD306400BB61C9 /* Products */ = {
			isa = PBXGroup;
			children = (
				349A05972ABD306400BB61C9 /* EjerciciosClasesConsola */,
			);
			name = Products;
			sourceTree = "<group>";
		};
		349A05992ABD306400BB61C9 /* EjerciciosClasesConsola */ = {
			isa = PBXGroup;
			children = (
				349A059A2ABD306400BB61C9 /* main.swift */,
				349A05A12ABD308100BB61C9 /* Ejercicio1.swift */,
				349A05A32ABD38CD00BB61C9 /* Ejercicio2.swift */,
				349A05A52ABD3F3E00BB61C9 /* Ejercicio3.swift */,
				349A05A72ABD40FB00BB61C9 /* Ejercicio4.swift */,
			);
			path = EjerciciosClasesConsola;
			sourceTree = "<group>";
		};
/* End PBXGroup section */

/* Begin PBXNativeTarget section */
		349A05962ABD306400BB61C9 /* EjerciciosClasesConsola */ = {
			isa = PBXNativeTarget;
			buildConfigurationList = 349A059E2ABD306400BB61C9 /* Build configuration list for PBXNativeTarget "EjerciciosClasesConsola" */;
			buildPhases = (
				349A05932ABD306400BB61C9 /* Sources */,
				349A05942ABD306400BB61C9 /* Frameworks */,
				349A05952ABD306400BB61C9 /* CopyFiles */,
			);
			buildRules = (
			);
			dependencies = (
			);
			name = EjerciciosClasesConsola;
			productName = EjerciciosClasesConsola;
			productReference = 349A05972ABD306400BB61C9 /* EjerciciosClasesConsola */;
			productType = "com.apple.product-type.tool";
		};
/* End PBXNativeTarget section */

/* Begin PBXProject section */
		349A058F2ABD306400BB61C9 /* Project object */ = {
			isa = PBXProject;
			attributes = {
				BuildIndependentTargetsInParallel = 1;
				LastSwiftUpdateCheck = 1430;
				LastUpgradeCheck = 1430;
				TargetAttributes = {
					349A05962ABD306400BB61C9 = {
						CreatedOnToolsVersion = 14.3.1;
					};
				};
			};
			buildConfigurationList = 349A05922ABD306400BB61C9 /* Build configuration list for PBXProject "EjerciciosClasesConsola" */;
			compatibilityVersion = "Xcode 14.0";
			developmentRegion = en;
			hasScannedForEncodings = 0;
			knownRegions = (
				en,
				Base,
			);
			mainGroup = 349A058E2ABD306400BB61C9;
			productRefGroup = 349A05982ABD306400BB61C9 /* Products */;
			projectDirPath = "";
			projectRoot = "";
			targets = (
				349A05962ABD306400BB61C9 /* EjerciciosClasesConsola */,
			);
		};
/* End PBXProject section */

/* Begin PBXSourcesBuildPhase section */
		349A05932ABD306400BB61C9 /* Sources */ = {
			isa = PBXSourcesBuildPhase;
			buildActionMask = 2147483647;
			files = (
				349A059B2ABD306400BB61C9 /* main.swift in Sources */,
				349A05A82ABD40FB00BB61C9 /* Ejercicio4.swift in Sources */,
				349A05A22ABD308100BB61C9 /* Ejercicio1.swift in Sources */,
				349A05A42ABD38CD00BB61C9 /* Ejercicio2.swift in Sources */,
				349A05A62ABD3F3E00BB61C9 /* Ejercicio3.swift in Sources */,
			);
			runOnlyForDeploymentPostprocessing = 0;
		};
/* End PBXSourcesBuildPhase section */

/* Begin XCBuildConfiguration section */
		349A059C2ABD306400BB61C9 /* Debug */ = {
			isa = XCBuildConfiguration;
			buildSettings = {
				ALWAYS_SEARCH_USER_PATHS = NO;
				CLANG_ANALYZER_NONNULL = YES;
				CLANG_ANALYZER_NUMBER_OBJECT_CONVERSION = YES_AGGRESSIVE;
				CLANG_CXX_LANGUAGE_STANDARD = "gnu++20";
				CLANG_ENABLE_MODULES = YES;
				CLANG_ENABLE_OBJC_ARC = YES;
				CLANG_ENABLE_OBJC_WEAK = YES;
				CLANG_WARN_BLOCK_CAPTURE_AUTORELEASING = YES;
				CLANG_WARN_BOOL_CONVERSION = YES;
				CLANG_WARN_COMMA = YES;
				CLANG_WARN_CONSTANT_CONVERSION = YES;
				CLANG_WARN_DEPRECATED_OBJC_IMPLEMENTATIONS = YES;
				CLANG_WARN_DIRECT_OBJC_ISA_USAGE = YES_ERROR;
				CLANG_WARN_DOCUMENTATION_COMMENTS = YES;
				CLANG_WARN_EMPTY_BODY = YES;
				CLANG_WARN_ENUM_CONVERSION = YES;
				CLANG_WARN_INFINITE_RECURSION = YES;
				CLANG_WARN_INT_CONVERSION = YES;
				CLANG_WARN_NON_LITERAL_NULL_CONVERSION = YES;
				CLANG_WARN_OBJC_IMPLICIT_RETAIN_SELF = YES;
				CLANG_WARN_OBJC_LITERAL_CONVERSION = YES;
				CLANG_WARN_OBJC_ROOT_CLASS = YES_ERROR;
				CLANG_WARN_QUOTED_INCLUDE_IN_FRAMEWORK_HEADER = YES;
				CLANG_WARN_RANGE_LOOP_ANALYSIS = YES;
				CLANG_WARN_STRICT_PROTOTYPES = YES;
				CLANG_WARN_SUSPICIOUS_MOVE = YES;
				CLANG_WARN_UNGUARDED_AVAILABILITY = YES_AGGRESSIVE;
				CLANG_WARN_UNREACHABLE_CODE = YES;
				CLANG_WARN__DUPLICATE_METHOD_MATCH = YES;
				COPY_PHASE_STRIP = NO;
				DEBUG_INFORMATION_FORMAT = dwarf;
				ENABLE_STRICT_OBJC_MSGSEND = YES;
				ENABLE_TESTABILITY = YES;
				GCC_C_LANGUAGE_STANDARD = gnu11;
				GCC_DYNAMIC_NO_PIC = NO;
				GCC_NO_COMMON_BLOCKS = YES;
				GCC_OPTIMIZATION_LEVEL = 0;
				GCC_PREPROCESSOR_DEFINITIONS = (
					"DEBUG=1",
					"$(inherited)",
				);
				GCC_WARN_64_TO_32_BIT_CONVERSION = YES;
				GCC_WARN_ABOUT_RETURN_TYPE = YES_ERROR;
				GCC_WARN_UNDECLARED_SELECTOR = YES;
				GCC_WARN_UNINITIALIZED_AUTOS = YES_AGGRESSIVE;
				GCC_WARN_UNUSED_FUNCTION = YES;
				GCC_WARN_UNUSED_VARIABLE = YES;
				MACOSX_DEPLOYMENT_TARGET = 13.3;
				MTL_ENABLE_DEBUG_INFO = INCLUDE_SOURCE;
				MTL_FAST_MATH = YES;
				ONLY_ACTIVE_ARCH = YES;
				SDKROOT = macosx;
				SWIFT_ACTIVE_COMPILATION_CONDITIONS = DEBUG;
				SWIFT_OPTIMIZATION_LEVEL = "-Onone";
			};
			name = Debug;
		};
		349A059D2ABD306400BB61C9 /* Release */ = {
			isa = XCBuildConfiguration;
			buildSettings = {
				ALWAYS_SEARCH_USER_PATHS = NO;
				CLANG_ANALYZER_NONNULL = YES;
				CLANG_ANALYZER_NUMBER_OBJECT_CONVERSION = YES_AGGRESSIVE;
				CLANG_CXX_LANGUAGE_STANDARD = "gnu++20";
				CLANG_ENABLE_MODULES = YES;
				CLANG_ENABLE_OBJC_ARC = YES;
				CLANG_ENABLE_OBJC_WEAK = YES;
				CLANG_WARN_BLOCK_CAPTURE_AUTORELEASING = YES;
				CLANG_WARN_BOOL_CONVERSION = YES;
				CLANG_WARN_COMMA = YES;
				CLANG_WARN_CONSTANT_CONVERSION = YES;
				CLANG_WARN_DEPRECATED_OBJC_IMPLEMENTATIONS = YES;
				CLANG_WARN_DIRECT_OBJC_ISA_USAGE = YES_ERROR;
				CLANG_WARN_DOCUMENTATION_COMMENTS = YES;
				CLANG_WARN_EMPTY_BODY = YES;
				CLANG_WARN_ENUM_CONVERSION = YES;
				CLANG_WARN_INFINITE_RECURSION = YES;
				CLANG_WARN_INT_CONVERSION = YES;
				CLANG_WARN_NON_LITERAL_NULL_CONVERSION = YES;
				CLANG_WARN_OBJC_IMPLICIT_RETAIN_SELF = YES;
				CLANG_WARN_OBJC_LITERAL_CONVERSION = YES;
				CLANG_WARN_OBJC_ROOT_CLASS = YES_ERROR;
				CLANG_WARN_QUOTED_INCLUDE_IN_FRAMEWORK_HEADER = YES;
				CLANG_WARN_RANGE_LOOP_ANALYSIS = YES;
				CLANG_WARN_STRICT_PROTOTYPES = YES;
				CLANG_WARN_SUSPICIOUS_MOVE = YES;
				CLANG_WARN_UNGUARDED_AVAILABILITY = YES_AGGRESSIVE;
				CLANG_WARN_UNREACHABLE_CODE = YES;
				CLANG_WARN__DUPLICATE_METHOD_MATCH = YES;
				COPY_PHASE_STRIP = NO;
				DEBUG_INFORMATION_FORMAT = "dwarf-with-dsym";
				ENABLE_NS_ASSERTIONS = NO;
				ENABLE_STRICT_OBJC_MSGSEND = YES;
				GCC_C_LANGUAGE_STANDARD = gnu11;
				GCC_NO_COMMON_BLOCKS = YES;
				GCC_WARN_64_TO_32_BIT_CONVERSION = YES;
				GCC_WARN_ABOUT_RETURN_TYPE = YES_ERROR;
				GCC_WARN_UNDECLARED_SELECTOR = YES;
				GCC_WARN_UNINITIALIZED_AUTOS = YES_AGGRESSIVE;
				GCC_WARN_UNUSED_FUNCTION = YES;
				GCC_WARN_UNUSED_VARIABLE = YES;
				MACOSX_DEPLOYMENT_TARGET = 13.3;
				MTL_ENABLE_DEBUG_INFO = NO;
				MTL_FAST_MATH = YES;
				SDKROOT = macosx;
				SWIFT_COMPILATION_MODE = wholemodule;
				SWIFT_OPTIMIZATION_LEVEL = "-O";
			};
			name = Release;
		};
		349A059F2ABD306400BB61C9 /* Debug */ = {
			isa = XCBuildConfiguration;
			buildSettings = {
				CODE_SIGN_STYLE = Automatic;
				PRODUCT_NAME = "$(TARGET_NAME)";
				SWIFT_VERSION = 5.0;
			};
			name = Debug;
		};
		349A05A02ABD306400BB61C9 /* Release */ = {
			isa = XCBuildConfiguration;
			buildSettings = {
				CODE_SIGN_STYLE = Automatic;
				PRODUCT_NAME = "$(TARGET_NAME)";
				SWIFT_VERSION = 5.0;
			};
			name = Release;
		};
/* End XCBuildConfiguration section */

/* Begin XCConfigurationList section */
		349A05922ABD306400BB61C9 /* Build configuration list for PBXProject "EjerciciosClasesConsola" */ = {
			isa = XCConfigurationList;
			buildConfigurations = (
				349A059C2ABD306400BB61C9 /* Debug */,
				349A059D2ABD306400BB61C9 /* Release */,
			);
			defaultConfigurationIsVisible = 0;
			defaultConfigurationName = Release;
		};
		349A059E2ABD306400BB61C9 /* Build configuration list for PBXNativeTarget "EjerciciosClasesConsola" */ = {
			isa = XCConfigurationList;
			buildConfigurations = (
				349A059F2ABD306400BB61C9 /* Debug */,
				349A05A02ABD306400BB61C9 /* Release */,
			);
			defaultConfigurationIsVisible = 0;
			defaultConfigurationName = Release;
		};
/* End XCConfigurationList section */
	};
	rootObject = 349A058F2ABD306400BB61C9 /* Project object */;
}
